// !$*UTF8*$!
{
	archiveVersion = 1;
	classes = {
	};
	objectVersion = 46;
	objects = {

/* Begin PBXBuildFile section */
		C93528BD1A89766300998D10 /* AppDelegate.swift in Sources */ = {isa = PBXBuildFile; fileRef = C93528BC1A89766300998D10 /* AppDelegate.swift */; };
		C93528BF1A89766300998D10 /* ViewController.swift in Sources */ = {isa = PBXBuildFile; fileRef = C93528BE1A89766300998D10 /* ViewController.swift */; };
		C93528C21A89766300998D10 /* Main.storyboard in Resources */ = {isa = PBXBuildFile; fileRef = C93528C01A89766300998D10 /* Main.storyboard */; };
		C93528C41A89766300998D10 /* Images.xcassets in Resources */ = {isa = PBXBuildFile; fileRef = C93528C31A89766300998D10 /* Images.xcassets */; };
		C93528C71A89766300998D10 /* LaunchScreen.xib in Resources */ = {isa = PBXBuildFile; fileRef = C93528C51A89766300998D10 /* LaunchScreen.xib */; };
		C93528D31A89766300998D10 /* yelpTests.swift in Sources */ = {isa = PBXBuildFile; fileRef = C93528D21A89766300998D10 /* yelpTests.swift */; };
/* End PBXBuildFile section */

/* Begin PBXContainerItemProxy section */
		C93528CD1A89766300998D10 /* PBXContainerItemProxy */ = {
			isa = PBXContainerItemProxy;
			containerPortal = C93528AF1A89766300998D10 /* Project object */;
			proxyType = 1;
			remoteGlobalIDString = C93528B61A89766300998D10;
			remoteInfo = yelp;
		};
/* End PBXContainerItemProxy section */

/* Begin PBXFileReference section */
		C93528B71A89766300998D10 /* yelp.app */ = {isa = PBXFileReference; explicitFileType = wrapper.application; includeInIndex = 0; path = yelp.app; sourceTree = BUILT_PRODUCTS_DIR; };
		C93528BB1A89766300998D10 /* Info.plist */ = {isa = PBXFileReference; lastKnownFileType = text.plist.xml; path = Info.plist; sourceTree = "<group>"; };
		C93528BC1A89766300998D10 /* AppDelegate.swift */ = {isa = PBXFileReference; lastKnownFileType = sourcecode.swift; path = AppDelegate.swift; sourceTree = "<group>"; };
		C93528BE1A89766300998D10 /* ViewController.swift */ = {isa = PBXFileReference; lastKnownFileType = sourcecode.swift; path = ViewController.swift; sourceTree = "<group>"; };
		C93528C11A89766300998D10 /* Base */ = {isa = PBXFileReference; lastKnownFileType = file.storyboard; name = Base; path = Base.lproj/Main.storyboard; sourceTree = "<group>"; };
		C93528C31A89766300998D10 /* Images.xcassets */ = {isa = PBXFileReference; lastKnownFileType = folder.assetcatalog; path = Images.xcassets; sourceTree = "<group>"; };
		C93528C61A89766300998D10 /* Base */ = {isa = PBXFileReference; lastKnownFileType = file.xib; name = Base; path = Base.lproj/LaunchScreen.xib; sourceTree = "<group>"; };
		C93528CC1A89766300998D10 /* yelpTests.xctest */ = {isa = PBXFileReference; explicitFileType = wrapper.cfbundle; includeInIndex = 0; path = yelpTests.xctest; sourceTree = BUILT_PRODUCTS_DIR; };
		C93528D11A89766300998D10 /* Info.plist */ = {isa = PBXFileReference; lastKnownFileType = text.plist.xml; path = Info.plist; sourceTree = "<group>"; };
		C93528D21A89766300998D10 /* yelpTests.swift */ = {isa = PBXFileReference; lastKnownFileType = sourcecode.swift; path = yelpTests.swift; sourceTree = "<group>"; };
/* End PBXFileReference section */

/* Begin PBXFrameworksBuildPhase section */
		C93528B41A89766300998D10 /* Frameworks */ = {
			isa = PBXFrameworksBuildPhase;
			buildActionMask = 2147483647;
			files = (
			);
			runOnlyForDeploymentPostprocessing = 0;
		};
		C93528C91A89766300998D10 /* Frameworks */ = {
			isa = PBXFrameworksBuildPhase;
			buildActionMask = 2147483647;
			files = (
			);
			runOnlyForDeploymentPostprocessing = 0;
		};
/* End PBXFrameworksBuildPhase section */

/* Begin PBXGroup section */
		C93528AE1A89766300998D10 = {
			isa = PBXGroup;
			children = (
				C93528B91A89766300998D10 /* yelp */,
				C93528CF1A89766300998D10 /* yelpTests */,
				C93528B81A89766300998D10 /* Products */,
			);
			sourceTree = "<group>";
		};
		C93528B81A89766300998D10 /* Products */ = {
			isa = PBXGroup;
			children = (
				C93528B71A89766300998D10 /* yelp.app */,
				C93528CC1A89766300998D10 /* yelpTests.xctest */,
			);
			name = Products;
			sourceTree = "<group>";
		};
		C93528B91A89766300998D10 /* yelp */ = {
			isa = PBXGroup;
			children = (
				C93528BC1A89766300998D10 /* AppDelegate.swift */,
				C93528BE1A89766300998D10 /* ViewController.swift */,
				C93528C01A89766300998D10 /* Main.storyboard */,
				C93528C31A89766300998D10 /* Images.xcassets */,
				C93528C51A89766300998D10 /* LaunchScreen.xib */,
				C93528BA1A89766300998D10 /* Supporting Files */,
			);
			path = yelp;
			sourceTree = "<group>";
		};
		C93528BA1A89766300998D10 /* Supporting Files */ = {
			isa = PBXGroup;
			children = (
				C93528BB1A89766300998D10 /* Info.plist */,
			);
			name = "Supporting Files";
			sourceTree = "<group>";
		};
		C93528CF1A89766300998D10 /* yelpTests */ = {
			isa = PBXGroup;
			children = (
				C93528D21A89766300998D10 /* yelpTests.swift */,
				C93528D01A89766300998D10 /* Supporting Files */,
			);
			path = yelpTests;
			sourceTree = "<group>";
		};
		C93528D01A89766300998D10 /* Supporting Files */ = {
			isa = PBXGroup;
			children = (
				C93528D11A89766300998D10 /* Info.plist */,
			);
			name = "Supporting Files";
			sourceTree = "<group>";
		};
/* End PBXGroup section */

/* Begin PBXNativeTarget section */
		C93528B61A89766300998D10 /* yelp */ = {
			isa = PBXNativeTarget;
			buildConfigurationList = C93528D61A89766300998D10 /* Build configuration list for PBXNativeTarget "yelp" */;
			buildPhases = (
				C93528B31A89766300998D10 /* Sources */,
				C93528B41A89766300998D10 /* Frameworks */,
				C93528B51A89766300998D10 /* Resources */,
			);
			buildRules = (
			);
			dependencies = (
			);
			name = yelp;
			productName = yelp;
			productReference = C93528B71A89766300998D10 /* yelp.app */;
			productType = "com.apple.product-type.application";
		};
		C93528CB1A89766300998D10 /* yelpTests */ = {
			isa = PBXNativeTarget;
			buildConfigurationList = C93528D91A89766300998D10 /* Build configuration list for PBXNativeTarget "yelpTests" */;
			buildPhases = (
				C93528C81A89766300998D10 /* Sources */,
				C93528C91A89766300998D10 /* Frameworks */,
				C93528CA1A89766300998D10 /* Resources */,
			);
			buildRules = (
			);
			dependencies = (
				C93528CE1A89766300998D10 /* PBXTargetDependency */,
			);
			name = yelpTests;
			productName = yelpTests;
			productReference = C93528CC1A89766300998D10 /* yelpTests.xctest */;
			productType = "com.apple.product-type.bundle.unit-test";
		};
/* End PBXNativeTarget section */

/* Begin PBXProject section */
		C93528AF1A89766300998D10 /* Project object */ = {
			isa = PBXProject;
			attributes = {
				LastUpgradeCheck = 0610;
				ORGANIZATIONNAME = benhass;
				TargetAttributes = {
					C93528B61A89766300998D10 = {
						CreatedOnToolsVersion = 6.1.1;
					};
					C93528CB1A89766300998D10 = {
						CreatedOnToolsVersion = 6.1.1;
						TestTargetID = C93528B61A89766300998D10;
					};
				};
			};
			buildConfigurationList = C93528B21A89766300998D10 /* Build configuration list for PBXProject "yelp" */;
			compatibilityVersion = "Xcode 3.2";
			developmentRegion = English;
			hasScannedForEncodings = 0;
			knownRegions = (
				en,
				Base,
			);
			mainGroup = C93528AE1A89766300998D10;
			productRefGroup = C93528B81A89766300998D10 /* Products */;
			projectDirPath = "";
			projectRoot = "";
			targets = (
				C93528B61A89766300998D10 /* yelp */,
				C93528CB1A89766300998D10 /* yelpTests */,
			);
		};
/* End PBXProject section */

/* Begin PBXResourcesBuildPhase section */
		C93528B51A89766300998D10 /* Resources */ = {
			isa = PBXResourcesBuildPhase;
			buildActionMask = 2147483647;
			files = (
				C93528C21A89766300998D10 /* Main.storyboard in Resources */,
				C93528C71A89766300998D10 /* LaunchScreen.xib in Resources */,
				C93528C41A89766300998D10 /* Images.xcassets in Resources */,
			);
			runOnlyForDeploymentPostprocessing = 0;
		};
		C93528CA1A89766300998D10 /* Resources */ = {
			isa = PBXResourcesBuildPhase;
			buildActionMask = 2147483647;
			files = (
			);
			runOnlyForDeploymentPostprocessing = 0;
		};
/* End PBXResourcesBuildPhase section */

/* Begin PBXSourcesBuildPhase section */
		C93528B31A89766300998D10 /* Sources */ = {
			isa = PBXSourcesBuildPhase;
			buildActionMask = 2147483647;
			files = (
				C93528BF1A89766300998D10 /* ViewController.swift in Sources */,
				C93528BD1A89766300998D10 /* AppDelegate.swift in Sources */,
			);
			runOnlyForDeploymentPostprocessing = 0;
		};
		C93528C81A89766300998D10 /* Sources */ = {
			isa = PBXSourcesBuildPhase;
			buildActionMask = 2147483647;
			files = (
				C93528D31A89766300998D10 /* yelpTests.swift in Sources */,
			);
			runOnlyForDeploymentPostprocessing = 0;
		};
/* End PBXSourcesBuildPhase section */

/* Begin PBXTargetDependency section */
		C93528CE1A89766300998D10 /* PBXTargetDependency */ = {
			isa = PBXTargetDependency;
			target = C93528B61A89766300998D10 /* yelp */;
			targetProxy = C93528CD1A89766300998D10 /* PBXContainerItemProxy */;
		};
/* End PBXTargetDependency section */

/* Begin PBXVariantGroup section */
		C93528C01A89766300998D10 /* Main.storyboard */ = {
			isa = PBXVariantGroup;
			children = (
				C93528C11A89766300998D10 /* Base */,
			);
			name = Main.storyboard;
			sourceTree = "<group>";
		};
		C93528C51A89766300998D10 /* LaunchScreen.xib */ = {
			isa = PBXVariantGroup;
			children = (
				C93528C61A89766300998D10 /* Base */,
			);
			name = LaunchScreen.xib;
			sourceTree = "<group>";
		};
/* End PBXVariantGroup section */

/* Begin XCBuildConfiguration section */
		C93528D41A89766300998D10 /* Debug */ = {
			isa = XCBuildConfiguration;
			buildSettings = {
				ALWAYS_SEARCH_USER_PATHS = NO;
				CLANG_CXX_LANGUAGE_STANDARD = "gnu++0x";
				CLANG_CXX_LIBRARY = "libc++";
				CLANG_ENABLE_MODULES = YES;
				CLANG_ENABLE_OBJC_ARC = YES;
				CLANG_WARN_BOOL_CONVERSION = YES;
				CLANG_WARN_CONSTANT_CONVERSION = YES;
				CLANG_WARN_DIRECT_OBJC_ISA_USAGE = YES_ERROR;
				CLANG_WARN_EMPTY_BODY = YES;
				CLANG_WARN_ENUM_CONVERSION = YES;
				CLANG_WARN_INT_CONVERSION = YES;
				CLANG_WARN_OBJC_ROOT_CLASS = YES_ERROR;
				CLANG_WARN_UNREACHABLE_CODE = YES;
				CLANG_WARN__DUPLICATE_METHOD_MATCH = YES;
				"CODE_SIGN_IDENTITY[sdk=iphoneos*]" = "iPhone Developer";
				COPY_PHASE_STRIP = NO;
				ENABLE_STRICT_OBJC_MSGSEND = YES;
				GCC_C_LANGUAGE_STANDARD = gnu99;
				GCC_DYNAMIC_NO_PIC = NO;
				GCC_OPTIMIZATION_LEVEL = 0;
				GCC_PREPROCESSOR_DEFINITIONS = (
					"DEBUG=1",
					"$(inherited)",
				);
				GCC_SYMBOLS_PRIVATE_EXTERN = NO;
				GCC_WARN_64_TO_32_BIT_CONVERSION = YES;
				GCC_WARN_ABOUT_RETURN_TYPE = YES_ERROR;
				GCC_WARN_UNDECLARED_SELECTOR = YES;
				GCC_WARN_UNINITIALIZED_AUTOS = YES_AGGRESSIVE;
				GCC_WARN_UNUSED_FUNCTION = YES;
				GCC_WARN_UNUSED_VARIABLE = YES;
				IPHONEOS_DEPLOYMENT_TARGET = 8.1;
				MTL_ENABLE_DEBUG_INFO = YES;
				ONLY_ACTIVE_ARCH = YES;
				SDKROOT = iphoneos;
				SWIFT_OPTIMIZATION_LEVEL = "-Onone";
			};
			name = Debug;
		};
		C93528D51A89766300998D10 /* Release */ = {
			isa = XCBuildConfiguration;
			buildSettings = {
				ALWAYS_SEARCH_USER_PATHS = NO;
				CLANG_CXX_LANGUAGE_STANDARD = "gnu++0x";
				CLANG_CXX_LIBRARY = "libc++";
				CLANG_ENABLE_MODULES = YES;
				CLANG_ENABLE_OBJC_ARC = YES;
				CLANG_WARN_BOOL_CONVERSION = YES;
				CLANG_WARN_CONSTANT_CONVERSION = YES;
				CLANG_WARN_DIRECT_OBJC_ISA_USAGE = YES_ERROR;
				CLANG_WARN_EMPTY_BODY = YES;
				CLANG_WARN_ENUM_CONVERSION = YES;
				CLANG_WARN_INT_CONVERSION = YES;
				CLANG_WARN_OBJC_ROOT_CLASS = YES_ERROR;
				CLANG_WARN_UNREACHABLE_CODE = YES;
				CLANG_WARN__DUPLICATE_METHOD_MATCH = YES;
				"CODE_SIGN_IDENTITY[sdk=iphoneos*]" = "iPhone Developer";
				COPY_PHASE_STRIP = YES;
				ENABLE_NS_ASSERTIONS = NO;
				ENABLE_STRICT_OBJC_MSGSEND = YES;
				GCC_C_LANGUAGE_STANDARD = gnu99;
				GCC_WARN_64_TO_32_BIT_CONVERSION = YES;
				GCC_WARN_ABOUT_RETURN_TYPE = YES_ERROR;
				GCC_WARN_UNDECLARED_SELECTOR = YES;
				GCC_WARN_UNINITIALIZED_AUTOS = YES_AGGRESSIVE;
				GCC_WARN_UNUSED_FUNCTION = YES;
				GCC_WARN_UNUSED_VARIABLE = YES;
				IPHONEOS_DEPLOYMENT_TARGET = 8.1;
				MTL_ENABLE_DEBUG_INFO = NO;
				SDKROOT = iphoneos;
				VALIDATE_PRODUCT = YES;
			};
			name = Release;
		};
		C93528D71A89766300998D10 /* Debug */ = {
			isa = XCBuildConfiguration;
			buildSettings = {
				ASSETCATALOG_COMPILER_APPICON_NAME = AppIcon;
				INFOPLIST_FILE = yelp/Info.plist;
				LD_RUNPATH_SEARCH_PATHS = "$(inherited) @executable_path/Frameworks";
				PRODUCT_NAME = "$(TARGET_NAME)";
			};
			name = Debug;
		};
		C93528D81A89766300998D10 /* Release */ = {
			isa = XCBuildConfiguration;
			buildSettings = {
				ASSETCATALOG_COMPILER_APPICON_NAME = AppIcon;
				INFOPLIST_FILE = yelp/Info.plist;
				LD_RUNPATH_SEARCH_PATHS = "$(inherited) @executable_path/Frameworks";
				PRODUCT_NAME = "$(TARGET_NAME)";
			};
			name = Release;
		};
		C93528DA1A89766300998D10 /* Debug */ = {
			isa = XCBuildConfiguration;
			buildSettings = {
				BUNDLE_LOADER = "$(TEST_HOST)";
				FRAMEWORK_SEARCH_PATHS = (
					"$(SDKROOT)/Developer/Library/Frameworks",
					"$(inherited)",
				);
				GCC_PREPROCESSOR_DEFINITIONS = (
					"DEBUG=1",
					"$(inherited)",
				);
				INFOPLIST_FILE = yelpTests/Info.plist;
				LD_RUNPATH_SEARCH_PATHS = "$(inherited) @executable_path/Frameworks @loader_path/Frameworks";
				PRODUCT_NAME = "$(TARGET_NAME)";
				TEST_HOST = "$(BUILT_PRODUCTS_DIR)/yelp.app/yelp";
			};
			name = Debug;
		};
		C93528DB1A89766300998D10 /* Release */ = {
			isa = XCBuildConfiguration;
			buildSettings = {
				BUNDLE_LOADER = "$(TEST_HOST)";
				FRAMEWORK_SEARCH_PATHS = (
					"$(SDKROOT)/Developer/Library/Frameworks",
					"$(inherited)",
				);
				INFOPLIST_FILE = yelpTests/Info.plist;
				LD_RUNPATH_SEARCH_PATHS = "$(inherited) @executable_path/Frameworks @loader_path/Frameworks";
				PRODUCT_NAME = "$(TARGET_NAME)";
				TEST_HOST = "$(BUILT_PRODUCTS_DIR)/yelp.app/yelp";
			};
			name = Release;
		};
/* End XCBuildConfiguration section */

/* Begin XCConfigurationList section */
		C93528B21A89766300998D10 /* Build configuration list for PBXProject "yelp" */ = {
			isa = XCConfigurationList;
			buildConfigurations = (
				C93528D41A89766300998D10 /* Debug */,
				C93528D51A89766300998D10 /* Release */,
			);
			defaultConfigurationIsVisible = 0;
			defaultConfigurationName = Release;
		};
		C93528D61A89766300998D10 /* Build configuration list for PBXNativeTarget "yelp" */ = {
			isa = XCConfigurationList;
			buildConfigurations = (
				C93528D71A89766300998D10 /* Debug */,
				C93528D81A89766300998D10 /* Release */,
			);
			defaultConfigurationIsVisible = 0;
		};
		C93528D91A89766300998D10 /* Build configuration list for PBXNativeTarget "yelpTests" */ = {
			isa = XCConfigurationList;
			buildConfigurations = (
				C93528DA1A89766300998D10 /* Debug */,
				C93528DB1A89766300998D10 /* Release */,
			);
			defaultConfigurationIsVisible = 0;
		};
/* End XCConfigurationList section */
	};
	rootObject = C93528AF1A89766300998D10 /* Project object */;
}
